
Microsoft Visual Studio Solution File, Format Version 12.00
# Visual Studio Version 16
VisualStudioVersion = 16.0.29728.190
MinimumVisualStudioVersion = 10.0.40219.1
Project("{9A19103F-16F7-4668-BE54-9A1E7A4F7556}") = "MetroWebApi", "MetroWebApi\MetroWebApi.csproj", "{0D634BC9-C31D-4A14-B79E-82AA3C3E3AE4}"
EndProject
Project("{9A19103F-16F7-4668-BE54-9A1E7A4F7556}") = "MetroWebApi.Models", "MetroWebApi.Models\MetroWebApi.Models.csproj", "{BF7E9482-B15B-4A1C-8122-8362E9B73E1A}"
EndProject
Project("{9A19103F-16F7-4668-BE54-9A1E7A4F7556}") = "MetroWebApi.Models.Dto", "MetroWebApi.Models.Dto\MetroWebApi.Models.Dto.csproj", "{B57D3321-C93C-4A23-9060-C5CFBD1DAAA9}"
EndProject
Project("{9A19103F-16F7-4668-BE54-9A1E7A4F7556}") = "MetroWebApi.Entities", "MetroWebApi.Entities\MetroWebApi.Entities.csproj", "{08829A95-375F-4C6E-A773-9EA8D7C22AD1}"
EndProject
Project("{9A19103F-16F7-4668-BE54-9A1E7A4F7556}") = "MetroWebApi.Options", "MetroWebApi.Options\MetroWebApi.Options.csproj", "{E4BA4501-90DA-438C-80AE-093EA5DF06CD}"
EndProject
Project("{9A19103F-16F7-4668-BE54-9A1E7A4F7556}") = "MetroWebApi.Services", "MetroWebApi.Services\MetroWebApi.Services.csproj", "{7F4D8384-A918-457A-BAA0-4EE91EDD3F1A}"
EndProject
Project("{9A19103F-16F7-4668-BE54-9A1E7A4F7556}") = "MetroWebApi.Services.Interfaces", "MetroWebApi.Services.Interfaces\MetroWebApi.Services.Interfaces.csproj", "{4F19F58F-BAAD-4B2A-BCEB-2984B06241ED}"
	ProjectSection(ProjectDependencies) = postProject
		{B57D3321-C93C-4A23-9060-C5CFBD1DAAA9} = {B57D3321-C93C-4A23-9060-C5CFBD1DAAA9}
	EndProjectSection
EndProject
Global
	GlobalSection(SolutionConfigurationPlatforms) = preSolution
		Debug|Any CPU = Debug|Any CPU
		Release|Any CPU = Release|Any CPU
	EndGlobalSection
	GlobalSection(ProjectConfigurationPlatforms) = postSolution
		{0D634BC9-C31D-4A14-B79E-82AA3C3E3AE4}.Debug|Any CPU.ActiveCfg = Debug|Any CPU
		{0D634BC9-C31D-4A14-B79E-82AA3C3E3AE4}.Debug|Any CPU.Build.0 = Debug|Any CPU
		{0D634BC9-C31D-4A14-B79E-82AA3C3E3AE4}.Release|Any CPU.ActiveCfg = Release|Any CPU
		{0D634BC9-C31D-4A14-B79E-82AA3C3E3AE4}.Release|Any CPU.Build.0 = Release|Any CPU
		{BF7E9482-B15B-4A1C-8122-8362E9B73E1A}.Debug|Any CPU.ActiveCfg = Debug|Any CPU
		{BF7E9482-B15B-4A1C-8122-8362E9B73E1A}.Debug|Any CPU.Build.0 = Debug|Any CPU
		{BF7E9482-B15B-4A1C-8122-8362E9B73E1A}.Release|Any CPU.ActiveCfg = Release|Any CPU
		{BF7E9482-B15B-4A1C-8122-8362E9B73E1A}.Release|Any CPU.Build.0 = Release|Any CPU
		{B57D3321-C93C-4A23-9060-C5CFBD1DAAA9}.Debug|Any CPU.ActiveCfg = Debug|Any CPU
		{B57D3321-C93C-4A23-9060-C5CFBD1DAAA9}.Debug|Any CPU.Build.0 = Debug|Any CPU
		{B57D3321-C93C-4A23-9060-C5CFBD1DAAA9}.Release|Any CPU.ActiveCfg = Release|Any CPU
		{B57D3321-C93C-4A23-9060-C5CFBD1DAAA9}.Release|Any CPU.Build.0 = Release|Any CPU
		{08829A95-375F-4C6E-A773-9EA8D7C22AD1}.Debug|Any CPU.ActiveCfg = Debug|Any CPU
		{08829A95-375F-4C6E-A773-9EA8D7C22AD1}.Debug|Any CPU.Build.0 = Debug|Any CPU
		{08829A95-375F-4C6E-A773-9EA8D7C22AD1}.Release|Any CPU.ActiveCfg = Release|Any CPU
		{08829A95-375F-4C6E-A773-9EA8D7C22AD1}.Release|Any CPU.Build.0 = Release|Any CPU
		{E4BA4501-90DA-438C-80AE-093EA5DF06CD}.Debug|Any CPU.ActiveCfg = Debug|Any CPU
		{E4BA4501-90DA-438C-80AE-093EA5DF06CD}.Debug|Any CPU.Build.0 = Debug|Any CPU
		{E4BA4501-90DA-438C-80AE-093EA5DF06CD}.Release|Any CPU.ActiveCfg = Release|Any CPU
		{E4BA4501-90DA-438C-80AE-093EA5DF06CD}.Release|Any CPU.Build.0 = Release|Any CPU
		{7F4D8384-A918-457A-BAA0-4EE91EDD3F1A}.Debug|Any CPU.ActiveCfg = Debug|Any CPU
		{7F4D8384-A918-457A-BAA0-4EE91EDD3F1A}.Debug|Any CPU.Build.0 = Debug|Any CPU
		{7F4D8384-A918-457A-BAA0-4EE91EDD3F1A}.Release|Any CPU.ActiveCfg = Release|Any CPU
		{7F4D8384-A918-457A-BAA0-4EE91EDD3F1A}.Release|Any CPU.Build.0 = Release|Any CPU
		{4F19F58F-BAAD-4B2A-BCEB-2984B06241ED}.Debug|Any CPU.ActiveCfg = Debug|Any CPU
		{4F19F58F-BAAD-4B2A-BCEB-2984B06241ED}.Debug|Any CPU.Build.0 = Debug|Any CPU
		{4F19F58F-BAAD-4B2A-BCEB-2984B06241ED}.Release|Any CPU.ActiveCfg = Release|Any CPU
		{4F19F58F-BAAD-4B2A-BCEB-2984B06241ED}.Release|Any CPU.Build.0 = Release|Any CPU
	EndGlobalSection
	GlobalSection(SolutionProperties) = preSolution
		HideSolutionNode = FALSE
	EndGlobalSection
	GlobalSection(ExtensibilityGlobals) = postSolution
		SolutionGuid = {EBEAFD11-EB5A-4CFD-99ED-11B64C0542A4}
	EndGlobalSection
EndGlobal
